[[package]]
category = "main"
description = "textwrap, but savvy to ANSI colors and styles"
name = "ansiwrap"
optional = false
python-versions = "*"
version = "0.8.4"

[package.dependencies]
textwrap3 = ">=0.9.2"

[[package]]
category = "dev"
description = "A small Python module for determining appropriate platform-specific dirs, e.g. a \"user data dir\"."
name = "appdirs"
optional = false
python-versions = "*"
version = "1.4.3"

[[package]]
category = "main"
description = "Safe, minimalistic evaluator of python expression using ast module"
name = "asteval"
optional = false
python-versions = ">=3.5"
version = "0.9.18"

[[package]]
category = "dev"
description = "Classes Without Boilerplate"
name = "attrs"
optional = false
python-versions = ">=2.7, !=3.0.*, !=3.1.*, !=3.2.*, !=3.3.*"
version = "19.3.0"

[package.extras]
azure-pipelines = ["coverage", "hypothesis", "pympler", "pytest (>=4.3.0)", "six", "zope.interface", "pytest-azurepipelines"]
dev = ["coverage", "hypothesis", "pympler", "pytest (>=4.3.0)", "six", "zope.interface", "sphinx", "pre-commit"]
docs = ["sphinx", "zope.interface"]
tests = ["coverage", "hypothesis", "pympler", "pytest (>=4.3.0)", "six", "zope.interface"]

[[package]]
category = "dev"
description = "behave is behaviour-driven development, Python style"
name = "behave"
optional = false
python-versions = ">=2.6, !=3.0.*, !=3.1.*, !=3.2.*"
version = "1.2.6"

[package.dependencies]
parse = ">=1.8.2"
parse-type = ">=0.4.2"
six = ">=1.11"

[package.extras]
develop = ["coverage", "pytest (>=3.0)", "pytest-cov", "tox", "invoke (>=0.21.0)", "path.py (>=8.1.2)", "pycmd", "pathlib", "modernize (>=0.5)", "pylint"]
docs = ["sphinx (>=1.6)", "sphinx-bootstrap-theme (>=0.6)"]

[[package]]
category = "dev"
description = "The uncompromising code formatter."
name = "black"
optional = false
python-versions = ">=3.6"
version = "19.10b0"

[package.dependencies]
appdirs = "*"
attrs = ">=18.1.0"
click = ">=6.5"
pathspec = ">=0.6,<1"
regex = "*"
toml = ">=0.9.4"
typed-ast = ">=1.4.0"

[package.extras]
d = ["aiohttp (>=3.3.2)", "aiohttp-cors"]

[[package]]
category = "main"
description = "Foreign Function Interface for Python calling C code."
name = "cffi"
optional = false
python-versions = "*"
version = "1.14.0"

[package.dependencies]
pycparser = "*"

[[package]]
category = "dev"
description = "Composable command line interface toolkit"
name = "click"
optional = false
python-versions = ">=2.7, !=3.0.*, !=3.1.*, !=3.2.*, !=3.3.*"
version = "7.0"

[[package]]
category = "main"
description = "Cross-platform colored terminal text."
name = "colorama"
optional = false
python-versions = ">=2.7, !=3.0.*, !=3.1.*, !=3.2.*, !=3.3.*, !=3.4.*"
version = "0.4.3"

[[package]]
category = "main"
description = "cryptography is a package which provides cryptographic recipes and primitives to Python developers."
name = "cryptography"
optional = false
python-versions = ">=2.7,!=3.0.*,!=3.1.*,!=3.2.*,!=3.3.*"
version = "2.8"

[package.dependencies]
cffi = ">=1.8,<1.11.3 || >1.11.3"
six = ">=1.4.1"

[package.extras]
docs = ["sphinx (>=1.6.5,<1.8.0 || >1.8.0)", "sphinx-rtd-theme"]
docstest = ["doc8", "pyenchant (>=1.6.11)", "twine (>=1.12.0)", "sphinxcontrib-spelling (>=4.0.1)"]
idna = ["idna (>=2.1)"]
pep8test = ["flake8", "flake8-import-order", "pep8-naming"]
test = ["pytest (>=3.6.0,<3.9.0 || >3.9.0,<3.9.1 || >3.9.1,<3.9.2 || >3.9.2)", "pretend", "iso8601", "pytz", "hypothesis (>=1.11.4,<3.79.2 || >3.79.2)"]

[[package]]
category = "dev"
description = "Discover and load entry points from installed packages."
name = "entrypoints"
optional = false
python-versions = ">=2.7"
version = "0.3"

[[package]]
category = "dev"
description = "the modular source code checker: pep8, pyflakes and co"
name = "flake8"
optional = false
python-versions = ">=2.7, !=3.0.*, !=3.1.*, !=3.2.*, !=3.3.*"
version = "3.7.9"

[package.dependencies]
entrypoints = ">=0.3.0,<0.4.0"
mccabe = ">=0.6.0,<0.7.0"
pycodestyle = ">=2.5.0,<2.6.0"
pyflakes = ">=2.1.0,<2.2.0"

[[package]]
category = "dev"
description = "Clean single-source support for Python 3 and 2"
name = "future"
optional = false
python-versions = ">=2.6, !=3.0.*, !=3.1.*, !=3.2.*"
version = "0.18.2"

[[package]]
category = "main"
description = "Read metadata from Python packages"
marker = "python_version < \"3.8\""
name = "importlib-metadata"
optional = false
python-versions = "!=3.0.*,!=3.1.*,!=3.2.*,!=3.3.*,!=3.4.*,>=2.7"
version = "1.5.0"

[package.dependencies]
zipp = ">=0.5"

[package.extras]
docs = ["sphinx", "rst.linker"]
testing = ["packaging", "importlib-resources"]

[[package]]
category = "main"
description = "Low-level, pure Python DBus protocol wrapper."
marker = "sys_platform == \"linux\""
name = "jeepney"
optional = false
python-versions = ">=3.5"
version = "0.4.2"

[package.extras]
dev = ["testpath"]

[[package]]
category = "dev"
description = "A very fast and expressive template engine."
name = "jinja2"
optional = false
python-versions = ">=2.7, !=3.0.*, !=3.1.*, !=3.2.*, !=3.3.*, !=3.4.*"
version = "2.11.1"

[package.dependencies]
MarkupSafe = ">=0.23"

[package.extras]
i18n = ["Babel (>=0.8)"]

[[package]]
category = "main"
description = "Store and access your passwords safely."
name = "keyring"
optional = false
python-versions = ">=3.5"
version = "19.3.0"

[package.dependencies]
pywin32-ctypes = "<0.1.0 || >0.1.0,<0.1.1 || >0.1.1"
secretstorage = "*"

[package.dependencies.importlib-metadata]
python = "<3.8"
version = "*"

[package.extras]
docs = ["sphinx", "jaraco.packaging (>=3.2)", "rst.linker (>=1.9)"]
testing = ["pytest (>=3.5,<3.7.3 || >3.7.3)", "pytest-checkdocs (>=1.2.3)", "pytest-flake8", "pytest-black-multipy", "pytest-cov"]

[[package]]
category = "dev"
description = "Python LiveReload is an awesome tool for web developers"
name = "livereload"
optional = false
python-versions = "*"
version = "2.6.1"

[package.dependencies]
six = "*"
tornado = "*"

[[package]]
category = "dev"
description = "A Python implementation of Lunr.js"
name = "lunr"
optional = false
python-versions = "*"
version = "0.5.6"

[package.dependencies]
future = ">=0.16.0"
six = ">=1.11.0"

[package.dependencies.nltk]
optional = true
version = ">=3.2.5"

[package.extras]
languages = ["nltk (>=3.2.5)"]

[[package]]
category = "dev"
description = "Python implementation of Markdown."
name = "markdown"
optional = false
python-versions = ">=3.5"
version = "3.2.1"

[package.dependencies]
setuptools = ">=36"

[package.extras]
testing = ["coverage", "pyyaml"]

[[package]]
category = "dev"
description = "Safely add untrusted strings to HTML/XML markup."
name = "markupsafe"
optional = false
python-versions = ">=2.7,!=3.0.*,!=3.1.*,!=3.2.*,!=3.3.*"
version = "1.1.1"

[[package]]
category = "dev"
description = "McCabe checker, plugin for flake8"
name = "mccabe"
optional = false
python-versions = "*"
version = "0.6.1"

[[package]]
category = "dev"
description = "Project documentation with Markdown."
name = "mkdocs"
optional = false
python-versions = ">=3.5"
version = "1.1"

[package.dependencies]
Jinja2 = ">=2.10.1"
Markdown = ">=3.2.1"
PyYAML = ">=3.10"
click = ">=3.3"
livereload = ">=2.5.1"
tornado = ">=5.0"

[package.dependencies.lunr]
extras = ["languages"]
version = "0.5.6"

[[package]]
category = "dev"
description = "Natural Language Toolkit"
name = "nltk"
optional = false
python-versions = "*"
version = "3.4.5"

[package.dependencies]
six = "*"

[package.extras]
all = ["pyparsing", "scikit-learn", "python-crfsuite", "matplotlib", "scipy", "gensim", "requests", "twython", "numpy"]
corenlp = ["requests"]
machine_learning = ["gensim", "numpy", "python-crfsuite", "scikit-learn", "scipy"]
plot = ["matplotlib"]
tgrep = ["pyparsing"]
twitter = ["twython"]

[[package]]
category = "dev"
description = "parse() is the opposite of format()"
name = "parse"
optional = false
python-versions = "*"
version = "1.14.0"

[[package]]
category = "dev"
description = "Simplifies to build parse types based on the parse module"
name = "parse-type"
optional = false
python-versions = ">=2.6, !=3.0.*, !=3.1.*"
version = "0.5.2"

[package.dependencies]
parse = ">=1.8.4"
six = ">=1.11"

[package.extras]
develop = ["coverage (>=4.4)", "pytest (>=3.2)", "pytest-cov", "tox (>=2.8)"]
docs = ["sphinx (>=1.2)"]

[[package]]
category = "main"
description = "Parse human-readable date/time text."
name = "parsedatetime"
optional = false
python-versions = "*"
version = "2.5"

[[package]]
category = "main"
description = "comprehensive password hashing framework supporting over 30 schemes"
name = "passlib"
optional = false
python-versions = "*"
version = "1.7.2"

[package.extras]
argon2 = ["argon2-cffi (>=18.2.0)"]
bcrypt = ["bcrypt (>=3.1.0)"]
build_docs = ["sphinx (>=1.6)", "sphinxcontrib-fulltoc (>=1.2.0)", "cloud-sptheme (>=1.10.0)"]
totp = ["cryptography"]

[[package]]
category = "dev"
description = "Utility library for gitignore style pattern matching of file paths."
name = "pathspec"
optional = false
python-versions = ">=2.7, !=3.0.*, !=3.1.*, !=3.2.*, !=3.3.*, !=3.4.*"
version = "0.7.0"

[[package]]
category = "dev"
description = "Python style guide checker"
name = "pycodestyle"
optional = false
python-versions = ">=2.7, !=3.0.*, !=3.1.*, !=3.2.*, !=3.3.*"
version = "2.5.0"

[[package]]
category = "main"
description = "C parser in Python"
name = "pycparser"
optional = false
python-versions = ">=2.7, !=3.0.*, !=3.1.*, !=3.2.*, !=3.3.*"
version = "2.19"

[[package]]
category = "dev"
description = "passive checker of Python programs"
name = "pyflakes"
optional = false
python-versions = ">=2.7, !=3.0.*, !=3.1.*, !=3.2.*, !=3.3.*"
version = "2.1.1"

[[package]]
category = "main"
description = "Extensions to the standard Python datetime module"
name = "python-dateutil"
optional = false
python-versions = "!=3.0.*,!=3.1.*,!=3.2.*,>=2.7"
version = "2.8.1"

[package.dependencies]
six = ">=1.5"

[[package]]
category = "main"
description = "World timezone definitions, modern and historical"
name = "pytz"
optional = false
python-versions = "*"
version = "2019.3"

[[package]]
category = "main"
description = ""
marker = "sys_platform == \"win32\""
name = "pywin32-ctypes"
optional = false
python-versions = "*"
version = "0.2.0"

[[package]]
category = "main"
description = "PyXDG contains implementations of freedesktop.org standards in python."
name = "pyxdg"
optional = false
python-versions = "*"
version = "0.26"

[[package]]
category = "main"
description = "YAML parser and emitter for Python"
name = "pyyaml"
optional = false
python-versions = ">=2.7, !=3.0.*, !=3.1.*, !=3.2.*, !=3.3.*, !=3.4.*"
version = "5.3"

[[package]]
category = "dev"
description = "Alternative regular expression module, to replace re."
name = "regex"
optional = false
python-versions = "*"
version = "2020.2.20"

[[package]]
category = "main"
description = "Python bindings to FreeDesktop.org Secret Service API"
marker = "sys_platform == \"linux\""
name = "secretstorage"
optional = false
python-versions = ">=3.5"
version = "3.1.2"

[package.dependencies]
cryptography = "*"
jeepney = ">=0.4.2"

[[package]]
category = "main"
description = "Python 2 and 3 compatibility utilities"
name = "six"
optional = false
python-versions = ">=2.7, !=3.0.*, !=3.1.*, !=3.2.*"
version = "1.14.0"

[[package]]
category = "main"
description = "textwrap from Python 3.6 backport (plus a few tweaks)"
name = "textwrap3"
optional = false
python-versions = "*"
version = "0.9.2"

[[package]]
category = "dev"
description = "Python Library for Tom's Obvious, Minimal Language"
name = "toml"
optional = false
python-versions = "*"
version = "0.10.0"

[[package]]
category = "dev"
description = "Tornado is a Python web framework and asynchronous networking library, originally developed at FriendFeed."
name = "tornado"
optional = false
python-versions = ">= 3.5"
version = "6.0.3"

[[package]]
category = "dev"
description = "a fork of Python 2 and 3 ast modules with type comment support"
name = "typed-ast"
optional = false
python-versions = "*"
version = "1.4.1"

[[package]]
category = "main"
description = "tzinfo object for the local timezone"
name = "tzlocal"
optional = false
python-versions = "*"
version = "1.5.1"

[package.dependencies]
pytz = "*"

[[package]]
category = "main"
description = "Backport of pathlib-compatible object wrapper for zip files"
marker = "python_version < \"3.8\""
name = "zipp"
optional = false
python-versions = ">=3.6"
version = "3.0.0"

[package.extras]
docs = ["sphinx", "jaraco.packaging (>=3.2)", "rst.linker (>=1.9)"]
testing = ["jaraco.itertools", "func-timeout"]

[metadata]
content-hash = "98c4d0d25bb309075ca86c1ed3ed0d46b0fd1dad66510f8fe95b0ad350065df5"
python-versions = ">=3.6.0, <3.9.0"

[metadata.files]
ansiwrap = [
    {file = "ansiwrap-0.8.4-py2.py3-none-any.whl", hash = "sha256:7b053567c88e1ad9eed030d3ac41b722125e4c1271c8a99ade797faff1f49fb1"},
    {file = "ansiwrap-0.8.4.zip", hash = "sha256:ca0c740734cde59bf919f8ff2c386f74f9a369818cdc60efe94893d01ea8d9b7"},
]
appdirs = [
    {file = "appdirs-1.4.3-py2.py3-none-any.whl", hash = "sha256:d8b24664561d0d34ddfaec54636d502d7cea6e29c3eaf68f3df6180863e2166e"},
    {file = "appdirs-1.4.3.tar.gz", hash = "sha256:9e5896d1372858f8dd3344faf4e5014d21849c756c8d5701f78f8a103b372d92"},
]
asteval = [
    {file = "asteval-0.9.18.tar.gz", hash = "sha256:5d64e18b8a72c2c7ae8f9b70d1f80b68bbcaa98c1c0d7047c35489d03209bc86"},
]
attrs = [
    {file = "attrs-19.3.0-py2.py3-none-any.whl", hash = "sha256:08a96c641c3a74e44eb59afb61a24f2cb9f4d7188748e76ba4bb5edfa3cb7d1c"},
    {file = "attrs-19.3.0.tar.gz", hash = "sha256:f7b7ce16570fe9965acd6d30101a28f62fb4a7f9e926b3bbc9b61f8b04247e72"},
]
behave = [
    {file = "behave-1.2.6-py2.py3-none-any.whl", hash = "sha256:ebda1a6c9e5bfe95c5f9f0a2794e01c7098b3dde86c10a95d8621c5907ff6f1c"},
    {file = "behave-1.2.6.tar.gz", hash = "sha256:b9662327aa53294c1351b0a9c369093ccec1d21026f050c3bd9b3e5cccf81a86"},
]
black = [
    {file = "black-19.10b0-py36-none-any.whl", hash = "sha256:1b30e59be925fafc1ee4565e5e08abef6b03fe455102883820fe5ee2e4734e0b"},
    {file = "black-19.10b0.tar.gz", hash = "sha256:c2edb73a08e9e0e6f65a0e6af18b059b8b1cdd5bef997d7a0b181df93dc81539"},
]
cffi = [
    {file = "cffi-1.14.0-cp27-cp27m-macosx_10_9_x86_64.whl", hash = "sha256:1cae98a7054b5c9391eb3249b86e0e99ab1e02bb0cc0575da191aedadbdf4384"},
    {file = "cffi-1.14.0-cp27-cp27m-manylinux1_i686.whl", hash = "sha256:cf16e3cf6c0a5fdd9bc10c21687e19d29ad1fe863372b5543deaec1039581a30"},
    {file = "cffi-1.14.0-cp27-cp27m-manylinux1_x86_64.whl", hash = "sha256:f2b0fa0c01d8a0c7483afd9f31d7ecf2d71760ca24499c8697aeb5ca37dc090c"},
    {file = "cffi-1.14.0-cp27-cp27m-win32.whl", hash = "sha256:99f748a7e71ff382613b4e1acc0ac83bf7ad167fb3802e35e90d9763daba4d78"},
    {file = "cffi-1.14.0-cp27-cp27m-win_amd64.whl", hash = "sha256:c420917b188a5582a56d8b93bdd8e0f6eca08c84ff623a4c16e809152cd35793"},
    {file = "cffi-1.14.0-cp27-cp27mu-manylinux1_i686.whl", hash = "sha256:399aed636c7d3749bbed55bc907c3288cb43c65c4389964ad5ff849b6370603e"},
    {file = "cffi-1.14.0-cp27-cp27mu-manylinux1_x86_64.whl", hash = "sha256:cab50b8c2250b46fe738c77dbd25ce017d5e6fb35d3407606e7a4180656a5a6a"},
    {file = "cffi-1.14.0-cp35-cp35m-macosx_10_9_x86_64.whl", hash = "sha256:001bf3242a1bb04d985d63e138230802c6c8d4db3668fb545fb5005ddf5bb5ff"},
    {file = "cffi-1.14.0-cp35-cp35m-manylinux1_i686.whl", hash = "sha256:e56c744aa6ff427a607763346e4170629caf7e48ead6921745986db3692f987f"},
    {file = "cffi-1.14.0-cp35-cp35m-manylinux1_x86_64.whl", hash = "sha256:b8c78301cefcf5fd914aad35d3c04c2b21ce8629b5e4f4e45ae6812e461910fa"},
    {file = "cffi-1.14.0-cp35-cp35m-win32.whl", hash = "sha256:8c0ffc886aea5df6a1762d0019e9cb05f825d0eec1f520c51be9d198701daee5"},
    {file = "cffi-1.14.0-cp35-cp35m-win_amd64.whl", hash = "sha256:8a6c688fefb4e1cd56feb6c511984a6c4f7ec7d2a1ff31a10254f3c817054ae4"},
    {file = "cffi-1.14.0-cp36-cp36m-macosx_10_9_x86_64.whl", hash = "sha256:95cd16d3dee553f882540c1ffe331d085c9e629499ceadfbda4d4fde635f4b7d"},
    {file = "cffi-1.14.0-cp36-cp36m-manylinux1_i686.whl", hash = "sha256:66e41db66b47d0d8672d8ed2708ba91b2f2524ece3dee48b5dfb36be8c2f21dc"},
    {file = "cffi-1.14.0-cp36-cp36m-manylinux1_x86_64.whl", hash = "sha256:028a579fc9aed3af38f4892bdcc7390508adabc30c6af4a6e4f611b0c680e6ac"},
    {file = "cffi-1.14.0-cp36-cp36m-win32.whl", hash = "sha256:cef128cb4d5e0b3493f058f10ce32365972c554572ff821e175dbc6f8ff6924f"},
    {file = "cffi-1.14.0-cp36-cp36m-win_amd64.whl", hash = "sha256:337d448e5a725bba2d8293c48d9353fc68d0e9e4088d62a9571def317797522b"},
    {file = "cffi-1.14.0-cp37-cp37m-macosx_10_9_x86_64.whl", hash = "sha256:e577934fc5f8779c554639376beeaa5657d54349096ef24abe8c74c5d9c117c3"},
    {file = "cffi-1.14.0-cp37-cp37m-manylinux1_i686.whl", hash = "sha256:62ae9af2d069ea2698bf536dcfe1e4eed9090211dbaafeeedf5cb6c41b352f66"},
    {file = "cffi-1.14.0-cp37-cp37m-manylinux1_x86_64.whl", hash = "sha256:14491a910663bf9f13ddf2bc8f60562d6bc5315c1f09c704937ef17293fb85b0"},
    {file = "cffi-1.14.0-cp37-cp37m-win32.whl", hash = "sha256:c43866529f2f06fe0edc6246eb4faa34f03fe88b64a0a9a942561c8e22f4b71f"},
    {file = "cffi-1.14.0-cp37-cp37m-win_amd64.whl", hash = "sha256:2089ed025da3919d2e75a4d963d008330c96751127dd6f73c8dc0c65041b4c26"},
    {file = "cffi-1.14.0-cp38-cp38-macosx_10_9_x86_64.whl", hash = "sha256:3b911c2dbd4f423b4c4fcca138cadde747abdb20d196c4a48708b8a2d32b16dd"},
    {file = "cffi-1.14.0-cp38-cp38-manylinux1_i686.whl", hash = "sha256:7e63cbcf2429a8dbfe48dcc2322d5f2220b77b2e17b7ba023d6166d84655da55"},
    {file = "cffi-1.14.0-cp38-cp38-manylinux1_x86_64.whl", hash = "sha256:3d311bcc4a41408cf5854f06ef2c5cab88f9fded37a3b95936c9879c1640d4c2"},
    {file = "cffi-1.14.0-cp38-cp38-win32.whl", hash = "sha256:675686925a9fb403edba0114db74e741d8181683dcf216be697d208857e04ca8"},
    {file = "cffi-1.14.0-cp38-cp38-win_amd64.whl", hash = "sha256:00789914be39dffba161cfc5be31b55775de5ba2235fe49aa28c148236c4e06b"},
    {file = "cffi-1.14.0.tar.gz", hash = "sha256:2d384f4a127a15ba701207f7639d94106693b6cd64173d6c8988e2c25f3ac2b6"},
]
click = [
    {file = "Click-7.0-py2.py3-none-any.whl", hash = "sha256:2335065e6395b9e67ca716de5f7526736bfa6ceead690adf616d925bdc622b13"},
    {file = "Click-7.0.tar.gz", hash = "sha256:5b94b49521f6456670fdb30cd82a4eca9412788a93fa6dd6df72c94d5a8ff2d7"},
]
colorama = [
    {file = "colorama-0.4.3-py2.py3-none-any.whl", hash = "sha256:7d73d2a99753107a36ac6b455ee49046802e59d9d076ef8e47b61499fa29afff"},
    {file = "colorama-0.4.3.tar.gz", hash = "sha256:e96da0d330793e2cb9485e9ddfd918d456036c7149416295932478192f4436a1"},
]
cryptography = [
    {file = "cryptography-2.8-cp27-cp27m-macosx_10_6_intel.whl", hash = "sha256:fb81c17e0ebe3358486cd8cc3ad78adbae58af12fc2bf2bc0bb84e8090fa5ce8"},
    {file = "cryptography-2.8-cp27-cp27m-manylinux1_x86_64.whl", hash = "sha256:44ff04138935882fef7c686878e1c8fd80a723161ad6a98da31e14b7553170c2"},
    {file = "cryptography-2.8-cp27-cp27m-manylinux2010_x86_64.whl", hash = "sha256:369d2346db5934345787451504853ad9d342d7f721ae82d098083e1f49a582ad"},
    {file = "cryptography-2.8-cp27-cp27m-win32.whl", hash = "sha256:df6b4dca2e11865e6cfbfb708e800efb18370f5a46fd601d3755bc7f85b3a8a2"},
    {file = "cryptography-2.8-cp27-cp27m-win_amd64.whl", hash = "sha256:7f09806ed4fbea8f51585231ba742b58cbcfbfe823ea197d8c89a5e433c7e912"},
    {file = "cryptography-2.8-cp27-cp27mu-manylinux1_x86_64.whl", hash = "sha256:58363dbd966afb4f89b3b11dfb8ff200058fbc3b947507675c19ceb46104b48d"},
    {file = "cryptography-2.8-cp27-cp27mu-manylinux2010_x86_64.whl", hash = "sha256:6ec280fb24d27e3d97aa731e16207d58bd8ae94ef6eab97249a2afe4ba643d42"},
    {file = "cryptography-2.8-cp34-abi3-macosx_10_6_intel.whl", hash = "sha256:b43f53f29816ba1db8525f006fa6f49292e9b029554b3eb56a189a70f2a40879"},
    {file = "cryptography-2.8-cp34-abi3-manylinux1_x86_64.whl", hash = "sha256:7270a6c29199adc1297776937a05b59720e8a782531f1f122f2eb8467f9aab4d"},
    {file = "cryptography-2.8-cp34-abi3-manylinux2010_x86_64.whl", hash = "sha256:de96157ec73458a7f14e3d26f17f8128c959084931e8997b9e655a39c8fde9f9"},
    {file = "cryptography-2.8-cp34-cp34m-win32.whl", hash = "sha256:02079a6addc7b5140ba0825f542c0869ff4df9a69c360e339ecead5baefa843c"},
    {file = "cryptography-2.8-cp34-cp34m-win_amd64.whl", hash = "sha256:b0de590a8b0979649ebeef8bb9f54394d3a41f66c5584fff4220901739b6b2f0"},
    {file = "cryptography-2.8-cp35-cp35m-win32.whl", hash = "sha256:ecadccc7ba52193963c0475ac9f6fa28ac01e01349a2ca48509667ef41ffd2cf"},
    {file = "cryptography-2.8-cp35-cp35m-win_amd64.whl", hash = "sha256:90df0cc93e1f8d2fba8365fb59a858f51a11a394d64dbf3ef844f783844cc793"},
    {file = "cryptography-2.8-cp36-cp36m-win32.whl", hash = "sha256:1df22371fbf2004c6f64e927668734070a8953362cd8370ddd336774d6743595"},
    {file = "cryptography-2.8-cp36-cp36m-win_amd64.whl", hash = "sha256:a518c153a2b5ed6b8cc03f7ae79d5ffad7315ad4569b2d5333a13c38d64bd8d7"},
    {file = "cryptography-2.8-cp37-cp37m-win32.whl", hash = "sha256:4b1030728872c59687badcca1e225a9103440e467c17d6d1730ab3d2d64bfeff"},
    {file = "cryptography-2.8-cp37-cp37m-win_amd64.whl", hash = "sha256:d31402aad60ed889c7e57934a03477b572a03af7794fa8fb1780f21ea8f6551f"},
    {file = "cryptography-2.8-cp38-cp38-win32.whl", hash = "sha256:73fd30c57fa2d0a1d7a49c561c40c2f79c7d6c374cc7750e9ac7c99176f6428e"},
    {file = "cryptography-2.8-cp38-cp38-win_amd64.whl", hash = "sha256:971221ed40f058f5662a604bd1ae6e4521d84e6cad0b7b170564cc34169c8f13"},
    {file = "cryptography-2.8.tar.gz", hash = "sha256:3cda1f0ed8747339bbdf71b9f38ca74c7b592f24f65cdb3ab3765e4b02871651"},
]
entrypoints = [
    {file = "entrypoints-0.3-py2.py3-none-any.whl", hash = "sha256:589f874b313739ad35be6e0cd7efde2a4e9b6fea91edcc34e58ecbb8dbe56d19"},
    {file = "entrypoints-0.3.tar.gz", hash = "sha256:c70dd71abe5a8c85e55e12c19bd91ccfeec11a6e99044204511f9ed547d48451"},
]
flake8 = [
    {file = "flake8-3.7.9-py2.py3-none-any.whl", hash = "sha256:49356e766643ad15072a789a20915d3c91dc89fd313ccd71802303fd67e4deca"},
    {file = "flake8-3.7.9.tar.gz", hash = "sha256:45681a117ecc81e870cbf1262835ae4af5e7a8b08e40b944a8a6e6b895914cfb"},
]
future = [
    {file = "future-0.18.2.tar.gz", hash = "sha256:b1bead90b70cf6ec3f0710ae53a525360fa360d306a86583adc6bf83a4db537d"},
]
importlib-metadata = [
    {file = "importlib_metadata-1.5.0-py2.py3-none-any.whl", hash = "sha256:b97607a1a18a5100839aec1dc26a1ea17ee0d93b20b0f008d80a5a050afb200b"},
    {file = "importlib_metadata-1.5.0.tar.gz", hash = "sha256:06f5b3a99029c7134207dd882428a66992a9de2bef7c2b699b5641f9886c3302"},
]
jeepney = [
    {file = "jeepney-0.4.2-py3-none-any.whl", hash = "sha256:6f45dce1125cf6c58a1c88123d3831f36a789f9204fbad3172eac15f8ccd08d0"},
    {file = "jeepney-0.4.2.tar.gz", hash = "sha256:0ba6d8c597e9bef1ebd18aaec595f942a264e25c1a48f164d46120eacaa2e9bb"},
]
jinja2 = [
    {file = "Jinja2-2.11.1-py2.py3-none-any.whl", hash = "sha256:b0eaf100007721b5c16c1fc1eecb87409464edc10469ddc9a22a27a99123be49"},
    {file = "Jinja2-2.11.1.tar.gz", hash = "sha256:93187ffbc7808079673ef52771baa950426fd664d3aad1d0fa3e95644360e250"},
]
keyring = [
    {file = "keyring-19.3.0-py2.py3-none-any.whl", hash = "sha256:9b80469783d3f6106bce1d389c6b8b20c8d4d739943b1b8cd0ddc2a45d065f9d"},
    {file = "keyring-19.3.0.tar.gz", hash = "sha256:ee3d35b7f1ac3cb69e9a1e4323534649d3ab2fea402738a77e4250c152970fed"},
]
livereload = [
    {file = "livereload-2.6.1-py2.py3-none-any.whl", hash = "sha256:78d55f2c268a8823ba499305dcac64e28ddeb9a92571e12d543cd304faf5817b"},
    {file = "livereload-2.6.1.tar.gz", hash = "sha256:89254f78d7529d7ea0a3417d224c34287ebfe266b05e67e51facaf82c27f0f66"},
]
lunr = [
    {file = "lunr-0.5.6-py2.py3-none-any.whl", hash = "sha256:1208622930c915a07e6f8e8640474357826bad48534c0f57969b6fca9bffc88e"},
    {file = "lunr-0.5.6.tar.gz", hash = "sha256:7be69d7186f65784a4f2adf81e5c58efd6a9921aa95966babcb1f2f2ada75c20"},
]
markdown = [
    {file = "Markdown-3.2.1-py2.py3-none-any.whl", hash = "sha256:e4795399163109457d4c5af2183fbe6b60326c17cfdf25ce6e7474c6624f725d"},
    {file = "Markdown-3.2.1.tar.gz", hash = "sha256:90fee683eeabe1a92e149f7ba74e5ccdc81cd397bd6c516d93a8da0ef90b6902"},
]
markupsafe = [
    {file = "MarkupSafe-1.1.1-cp27-cp27m-macosx_10_6_intel.whl", hash = "sha256:09027a7803a62ca78792ad89403b1b7a73a01c8cb65909cd876f7fcebd79b161"},
    {file = "MarkupSafe-1.1.1-cp27-cp27m-manylinux1_i686.whl", hash = "sha256:e249096428b3ae81b08327a63a485ad0878de3fb939049038579ac0ef61e17e7"},
    {file = "MarkupSafe-1.1.1-cp27-cp27m-manylinux1_x86_64.whl", hash = "sha256:500d4957e52ddc3351cabf489e79c91c17f6e0899158447047588650b5e69183"},
    {file = "MarkupSafe-1.1.1-cp27-cp27m-win32.whl", hash = "sha256:b2051432115498d3562c084a49bba65d97cf251f5a331c64a12ee7e04dacc51b"},
    {file = "MarkupSafe-1.1.1-cp27-cp27m-win_amd64.whl", hash = "sha256:98c7086708b163d425c67c7a91bad6e466bb99d797aa64f965e9d25c12111a5e"},
    {file = "MarkupSafe-1.1.1-cp27-cp27mu-manylinux1_i686.whl", hash = "sha256:cd5df75523866410809ca100dc9681e301e3c27567cf498077e8551b6d20e42f"},
    {file = "MarkupSafe-1.1.1-cp27-cp27mu-manylinux1_x86_64.whl", hash = "sha256:43a55c2930bbc139570ac2452adf3d70cdbb3cfe5912c71cdce1c2c6bbd9c5d1"},
    {file = "MarkupSafe-1.1.1-cp34-cp34m-macosx_10_6_intel.whl", hash = "sha256:1027c282dad077d0bae18be6794e6b6b8c91d58ed8a8d89a89d59693b9131db5"},
    {file = "MarkupSafe-1.1.1-cp34-cp34m-manylinux1_i686.whl", hash = "sha256:62fe6c95e3ec8a7fad637b7f3d372c15ec1caa01ab47926cfdf7a75b40e0eac1"},
    {file = "MarkupSafe-1.1.1-cp34-cp34m-manylinux1_x86_64.whl", hash = "sha256:88e5fcfb52ee7b911e8bb6d6aa2fd21fbecc674eadd44118a9cc3863f938e735"},
    {file = "MarkupSafe-1.1.1-cp34-cp34m-win32.whl", hash = "sha256:ade5e387d2ad0d7ebf59146cc00c8044acbd863725f887353a10df825fc8ae21"},
    {file = "MarkupSafe-1.1.1-cp34-cp34m-win_amd64.whl", hash = "sha256:09c4b7f37d6c648cb13f9230d847adf22f8171b1ccc4d5682398e77f40309235"},
    {file = "MarkupSafe-1.1.1-cp35-cp35m-macosx_10_6_intel.whl", hash = "sha256:79855e1c5b8da654cf486b830bd42c06e8780cea587384cf6545b7d9ac013a0b"},
    {file = "MarkupSafe-1.1.1-cp35-cp35m-manylinux1_i686.whl", hash = "sha256:c8716a48d94b06bb3b2524c2b77e055fb313aeb4ea620c8dd03a105574ba704f"},
    {file = "MarkupSafe-1.1.1-cp35-cp35m-manylinux1_x86_64.whl", hash = "sha256:7c1699dfe0cf8ff607dbdcc1e9b9af1755371f92a68f706051cc8c37d447c905"},
    {file = "MarkupSafe-1.1.1-cp35-cp35m-win32.whl", hash = "sha256:6dd73240d2af64df90aa7c4e7481e23825ea70af4b4922f8ede5b9e35f78a3b1"},
    {file = "MarkupSafe-1.1.1-cp35-cp35m-win_amd64.whl", hash = "sha256:9add70b36c5666a2ed02b43b335fe19002ee5235efd4b8a89bfcf9005bebac0d"},
    {file = "MarkupSafe-1.1.1-cp36-cp36m-macosx_10_6_intel.whl", hash = "sha256:24982cc2533820871eba85ba648cd53d8623687ff11cbb805be4ff7b4c971aff"},
    {file = "MarkupSafe-1.1.1-cp36-cp36m-manylinux1_i686.whl", hash = "sha256:00bc623926325b26bb9605ae9eae8a215691f33cae5df11ca5424f06f2d1f473"},
    {file = "MarkupSafe-1.1.1-cp36-cp36m-manylinux1_x86_64.whl", hash = "sha256:717ba8fe3ae9cc0006d7c451f0bb265ee07739daf76355d06366154ee68d221e"},
    {file = "MarkupSafe-1.1.1-cp36-cp36m-win32.whl", hash = "sha256:535f6fc4d397c1563d08b88e485c3496cf5784e927af890fb3c3aac7f933ec66"},
    {file = "MarkupSafe-1.1.1-cp36-cp36m-win_amd64.whl", hash = "sha256:b1282f8c00509d99fef04d8ba936b156d419be841854fe901d8ae224c59f0be5"},
    {file = "MarkupSafe-1.1.1-cp37-cp37m-macosx_10_6_intel.whl", hash = "sha256:8defac2f2ccd6805ebf65f5eeb132adcf2ab57aa11fdf4c0dd5169a004710e7d"},
    {file = "MarkupSafe-1.1.1-cp37-cp37m-manylinux1_i686.whl", hash = "sha256:46c99d2de99945ec5cb54f23c8cd5689f6d7177305ebff350a58ce5f8de1669e"},
    {file = "MarkupSafe-1.1.1-cp37-cp37m-manylinux1_x86_64.whl", hash = "sha256:ba59edeaa2fc6114428f1637ffff42da1e311e29382d81b339c1817d37ec93c6"},
    {file = "MarkupSafe-1.1.1-cp37-cp37m-win32.whl", hash = "sha256:b00c1de48212e4cc9603895652c5c410df699856a2853135b3967591e4beebc2"},
    {file = "MarkupSafe-1.1.1-cp37-cp37m-win_amd64.whl", hash = "sha256:9bf40443012702a1d2070043cb6291650a0841ece432556f784f004937f0f32c"},
    {file = "MarkupSafe-1.1.1.tar.gz", hash = "sha256:29872e92839765e546828bb7754a68c418d927cd064fd4708fab9fe9c8bb116b"},
]
mccabe = [
    {file = "mccabe-0.6.1-py2.py3-none-any.whl", hash = "sha256:ab8a6258860da4b6677da4bd2fe5dc2c659cff31b3ee4f7f5d64e79735b80d42"},
    {file = "mccabe-0.6.1.tar.gz", hash = "sha256:dd8d182285a0fe56bace7f45b5e7d1a6ebcbf524e8f3bd87eb0f125271b8831f"},
]
mkdocs = [
    {file = "mkdocs-1.1-py2.py3-none-any.whl", hash = "sha256:1e385a70aea8a9dedb731aea4fd5f3704b2074801c4f96f06b2920999babda8a"},
    {file = "mkdocs-1.1.tar.gz", hash = "sha256:9243291392f59e20b655e4e46210233453faf97787c2cf72176510e868143174"},
]
nltk = [
    {file = "nltk-3.4.5.win32.exe", hash = "sha256:a08bdb4b8a1c13de16743068d9eb61c8c71c2e5d642e8e08205c528035843f82"},
    {file = "nltk-3.4.5.zip", hash = "sha256:bed45551259aa2101381bbdd5df37d44ca2669c5c3dad72439fa459b29137d94"},
]
parse = [
    {file = "parse-1.14.0.tar.gz", hash = "sha256:95a4f4469e37c57b5e924629ac99926f28bee7da59515dc5b8078c4c3e779249"},
]
parse-type = [
    {file = "parse_type-0.5.2-py2.py3-none-any.whl", hash = "sha256:089a471b06327103865dfec2dd844230c3c658a4a1b5b4c8b6c16c8f77577f9e"},
    {file = "parse_type-0.5.2.tar.gz", hash = "sha256:7f690b18d35048c15438d6d0571f9045cffbec5907e0b1ccf006f889e3a38c0b"},
]
parsedatetime = [
    {file = "parsedatetime-2.5-py2-none-any.whl", hash = "sha256:3b835fc54e472c17ef447be37458b400e3fefdf14bb1ffdedb5d2c853acf4ba1"},
    {file = "parsedatetime-2.5.tar.gz", hash = "sha256:d2e9ddb1e463de871d32088a3f3cea3dc8282b1b2800e081bd0ef86900451667"},
]
passlib = [
    {file = "passlib-1.7.2-py2.py3-none-any.whl", hash = "sha256:68c35c98a7968850e17f1b6892720764cc7eed0ef2b7cb3116a89a28e43fe177"},
    {file = "passlib-1.7.2.tar.gz", hash = "sha256:8d666cef936198bc2ab47ee9b0410c94adf2ba798e5a84bf220be079ae7ab6a8"},
]
pathspec = [
    {file = "pathspec-0.7.0-py2.py3-none-any.whl", hash = "sha256:163b0632d4e31cef212976cf57b43d9fd6b0bac6e67c26015d611a647d5e7424"},
    {file = "pathspec-0.7.0.tar.gz", hash = "sha256:562aa70af2e0d434367d9790ad37aed893de47f1693e4201fd1d3dca15d19b96"},
]
pycodestyle = [
    {file = "pycodestyle-2.5.0-py2.py3-none-any.whl", hash = "sha256:95a2219d12372f05704562a14ec30bc76b05a5b297b21a5dfe3f6fac3491ae56"},
    {file = "pycodestyle-2.5.0.tar.gz", hash = "sha256:e40a936c9a450ad81df37f549d676d127b1b66000a6c500caa2b085bc0ca976c"},
]
pycparser = [
    {file = "pycparser-2.19.tar.gz", hash = "sha256:a988718abfad80b6b157acce7bf130a30876d27603738ac39f140993246b25b3"},
]
pyflakes = [
    {file = "pyflakes-2.1.1-py2.py3-none-any.whl", hash = "sha256:17dbeb2e3f4d772725c777fabc446d5634d1038f234e77343108ce445ea69ce0"},
    {file = "pyflakes-2.1.1.tar.gz", hash = "sha256:d976835886f8c5b31d47970ed689944a0262b5f3afa00a5a7b4dc81e5449f8a2"},
]
python-dateutil = [
    {file = "python-dateutil-2.8.1.tar.gz", hash = "sha256:73ebfe9dbf22e832286dafa60473e4cd239f8592f699aa5adaf10050e6e1823c"},
    {file = "python_dateutil-2.8.1-py2.py3-none-any.whl", hash = "sha256:75bb3f31ea686f1197762692a9ee6a7550b59fc6ca3a1f4b5d7e32fb98e2da2a"},
]
pytz = [
    {file = "pytz-2019.3-py2.py3-none-any.whl", hash = "sha256:1c557d7d0e871de1f5ccd5833f60fb2550652da6be2693c1e02300743d21500d"},
    {file = "pytz-2019.3.tar.gz", hash = "sha256:b02c06db6cf09c12dd25137e563b31700d3b80fcc4ad23abb7a315f2789819be"},
]
pywin32-ctypes = [
    {file = "pywin32-ctypes-0.2.0.tar.gz", hash = "sha256:24ffc3b341d457d48e8922352130cf2644024a4ff09762a2261fd34c36ee5942"},
    {file = "pywin32_ctypes-0.2.0-py2.py3-none-any.whl", hash = "sha256:9dc2d991b3479cc2df15930958b674a48a227d5361d413827a4cfd0b5876fc98"},
]
pyxdg = [
    {file = "pyxdg-0.26-py2.py3-none-any.whl", hash = "sha256:1948ff8e2db02156c0cccd2529b43c0cff56ebaa71f5f021bbd755bc1419190e"},
    {file = "pyxdg-0.26.tar.gz", hash = "sha256:fe2928d3f532ed32b39c32a482b54136fe766d19936afc96c8f00645f9da1a06"},
]
pyyaml = [
    {file = "PyYAML-5.3-cp27-cp27m-win32.whl", hash = "sha256:940532b111b1952befd7db542c370887a8611660d2b9becff75d39355303d82d"},
    {file = "PyYAML-5.3-cp27-cp27m-win_amd64.whl", hash = "sha256:059b2ee3194d718896c0ad077dd8c043e5e909d9180f387ce42012662a4946d6"},
    {file = "PyYAML-5.3-cp35-cp35m-win32.whl", hash = "sha256:4fee71aa5bc6ed9d5f116327c04273e25ae31a3020386916905767ec4fc5317e"},
    {file = "PyYAML-5.3-cp35-cp35m-win_amd64.whl", hash = "sha256:dbbb2379c19ed6042e8f11f2a2c66d39cceb8aeace421bfc29d085d93eda3689"},
    {file = "PyYAML-5.3-cp36-cp36m-win32.whl", hash = "sha256:e3a057b7a64f1222b56e47bcff5e4b94c4f61faac04c7c4ecb1985e18caa3994"},
    {file = "PyYAML-5.3-cp36-cp36m-win_amd64.whl", hash = "sha256:74782fbd4d4f87ff04159e986886931456a1894c61229be9eaf4de6f6e44b99e"},
    {file = "PyYAML-5.3-cp37-cp37m-win32.whl", hash = "sha256:24521fa2890642614558b492b473bee0ac1f8057a7263156b02e8b14c88ce6f5"},
    {file = "PyYAML-5.3-cp37-cp37m-win_amd64.whl", hash = "sha256:1cf708e2ac57f3aabc87405f04b86354f66799c8e62c28c5fc5f88b5521b2dbf"},
    {file = "PyYAML-5.3-cp38-cp38-win32.whl", hash = "sha256:70024e02197337533eef7b85b068212420f950319cc8c580261963aefc75f811"},
    {file = "PyYAML-5.3-cp38-cp38-win_amd64.whl", hash = "sha256:cb1f2f5e426dc9f07a7681419fe39cee823bb74f723f36f70399123f439e9b20"},
    {file = "PyYAML-5.3.tar.gz", hash = "sha256:e9f45bd5b92c7974e59bcd2dcc8631a6b6cc380a904725fce7bc08872e691615"},
]
regex = [
    {file = "regex-2020.2.20-cp27-cp27m-win32.whl", hash = "sha256:99272d6b6a68c7ae4391908fc15f6b8c9a6c345a46b632d7fdb7ef6c883a2bbb"},
    {file = "regex-2020.2.20-cp27-cp27m-win_amd64.whl", hash = "sha256:974535648f31c2b712a6b2595969f8ab370834080e00ab24e5dbb9d19b8bfb74"},
    {file = "regex-2020.2.20-cp36-cp36m-manylinux1_i686.whl", hash = "sha256:5de40649d4f88a15c9489ed37f88f053c15400257eeb18425ac7ed0a4e119400"},
    {file = "regex-2020.2.20-cp36-cp36m-manylinux1_x86_64.whl", hash = "sha256:82469a0c1330a4beb3d42568f82dffa32226ced006e0b063719468dcd40ffdf0"},
    {file = "regex-2020.2.20-cp36-cp36m-manylinux2010_i686.whl", hash = "sha256:d58a4fa7910102500722defbde6e2816b0372a4fcc85c7e239323767c74f5cbc"},
    {file = "regex-2020.2.20-cp36-cp36m-manylinux2010_x86_64.whl", hash = "sha256:f1ac2dc65105a53c1c2d72b1d3e98c2464a133b4067a51a3d2477b28449709a0"},
    {file = "regex-2020.2.20-cp36-cp36m-win32.whl", hash = "sha256:8c2b7fa4d72781577ac45ab658da44c7518e6d96e2a50d04ecb0fd8f28b21d69"},
    {file = "regex-2020.2.20-cp36-cp36m-win_amd64.whl", hash = "sha256:269f0c5ff23639316b29f31df199f401e4cb87529eafff0c76828071635d417b"},
    {file = "regex-2020.2.20-cp37-cp37m-manylinux1_i686.whl", hash = "sha256:bed7986547ce54d230fd8721aba6fd19459cdc6d315497b98686d0416efaff4e"},
    {file = "regex-2020.2.20-cp37-cp37m-manylinux1_x86_64.whl", hash = "sha256:046e83a8b160aff37e7034139a336b660b01dbfe58706f9d73f5cdc6b3460242"},
    {file = "regex-2020.2.20-cp37-cp37m-manylinux2010_i686.whl", hash = "sha256:b33ebcd0222c1d77e61dbcd04a9fd139359bded86803063d3d2d197b796c63ce"},
    {file = "regex-2020.2.20-cp37-cp37m-manylinux2010_x86_64.whl", hash = "sha256:bba52d72e16a554d1894a0cc74041da50eea99a8483e591a9edf1025a66843ab"},
    {file = "regex-2020.2.20-cp37-cp37m-win32.whl", hash = "sha256:01b2d70cbaed11f72e57c1cfbaca71b02e3b98f739ce33f5f26f71859ad90431"},
    {file = "regex-2020.2.20-cp37-cp37m-win_amd64.whl", hash = "sha256:113309e819634f499d0006f6200700c8209a2a8bf6bd1bdc863a4d9d6776a5d1"},
    {file = "regex-2020.2.20-cp38-cp38-manylinux1_i686.whl", hash = "sha256:25f4ce26b68425b80a233ce7b6218743c71cf7297dbe02feab1d711a2bf90045"},
    {file = "regex-2020.2.20-cp38-cp38-manylinux1_x86_64.whl", hash = "sha256:9b64a4cc825ec4df262050c17e18f60252cdd94742b4ba1286bcfe481f1c0f26"},
    {file = "regex-2020.2.20-cp38-cp38-manylinux2010_i686.whl", hash = "sha256:9ff16d994309b26a1cdf666a6309c1ef51ad4f72f99d3392bcd7b7139577a1f2"},
    {file = "regex-2020.2.20-cp38-cp38-manylinux2010_x86_64.whl", hash = "sha256:c7f58a0e0e13fb44623b65b01052dae8e820ed9b8b654bb6296bc9c41f571b70"},
    {file = "regex-2020.2.20-cp38-cp38-win32.whl", hash = "sha256:200539b5124bc4721247a823a47d116a7a23e62cc6695744e3eb5454a8888e6d"},
    {file = "regex-2020.2.20-cp38-cp38-win_amd64.whl", hash = "sha256:7f78f963e62a61e294adb6ff5db901b629ef78cb2a1cfce3cf4eeba80c1c67aa"},
    {file = "regex-2020.2.20.tar.gz", hash = "sha256:9e9624440d754733eddbcd4614378c18713d2d9d0dc647cf9c72f64e39671be5"},
]
secretstorage = [
    {file = "SecretStorage-3.1.2-py3-none-any.whl", hash = "sha256:b5ec909dde94d4ae2fa26af7c089036997030f0cf0a5cb372b4cccabd81c143b"},
    {file = "SecretStorage-3.1.2.tar.gz", hash = "sha256:15da8a989b65498e29be338b3b279965f1b8f09b9668bd8010da183024c8bff6"},
]
six = [
    {file = "six-1.14.0-py2.py3-none-any.whl", hash = "sha256:8f3cd2e254d8f793e7f3d6d9df77b92252b52637291d0f0da013c76ea2724b6c"},
    {file = "six-1.14.0.tar.gz", hash = "sha256:236bdbdce46e6e6a3d61a337c0f8b763ca1e8717c03b369e87a7ec7ce1319c0a"},
]
textwrap3 = [
    {file = "textwrap3-0.9.2-py2.py3-none-any.whl", hash = "sha256:bf5f4c40faf2a9ff00a9e0791fed5da7415481054cef45bb4a3cfb1f69044ae0"},
    {file = "textwrap3-0.9.2.zip", hash = "sha256:5008eeebdb236f6303dcd68f18b856d355f6197511d952ba74bc75e40e0c3414"},
]
toml = [
    {file = "toml-0.10.0-py2.7.egg", hash = "sha256:f1db651f9657708513243e61e6cc67d101a39bad662eaa9b5546f789338e07a3"},
    {file = "toml-0.10.0-py2.py3-none-any.whl", hash = "sha256:235682dd292d5899d361a811df37e04a8828a5b1da3115886b73cf81ebc9100e"},
    {file = "toml-0.10.0.tar.gz", hash = "sha256:229f81c57791a41d65e399fc06bf0848bab550a9dfd5ed66df18ce5f05e73d5c"},
]
tornado = [
    {file = "tornado-6.0.3-cp35-cp35m-win32.whl", hash = "sha256:c9399267c926a4e7c418baa5cbe91c7d1cf362d505a1ef898fde44a07c9dd8a5"},
    {file = "tornado-6.0.3-cp35-cp35m-win_amd64.whl", hash = "sha256:398e0d35e086ba38a0427c3b37f4337327231942e731edaa6e9fd1865bbd6f60"},
    {file = "tornado-6.0.3-cp36-cp36m-win32.whl", hash = "sha256:4e73ef678b1a859f0cb29e1d895526a20ea64b5ffd510a2307b5998c7df24281"},
    {file = "tornado-6.0.3-cp36-cp36m-win_amd64.whl", hash = "sha256:349884248c36801afa19e342a77cc4458caca694b0eda633f5878e458a44cb2c"},
    {file = "tornado-6.0.3-cp37-cp37m-win32.whl", hash = "sha256:559bce3d31484b665259f50cd94c5c28b961b09315ccd838f284687245f416e5"},
    {file = "tornado-6.0.3-cp37-cp37m-win_amd64.whl", hash = "sha256:abbe53a39734ef4aba061fca54e30c6b4639d3e1f59653f0da37a0003de148c7"},
    {file = "tornado-6.0.3.tar.gz", hash = "sha256:c845db36ba616912074c5b1ee897f8e0124df269468f25e4fe21fe72f6edd7a9"},
]
typed-ast = [
    {file = "typed_ast-1.4.1-cp35-cp35m-manylinux1_i686.whl", hash = "sha256:73d785a950fc82dd2a25897d525d003f6378d1cb23ab305578394694202a58c3"},
    {file = "typed_ast-1.4.1-cp35-cp35m-manylinux1_x86_64.whl", hash = "sha256:aaee9905aee35ba5905cfb3c62f3e83b3bec7b39413f0a7f19be4e547ea01ebb"},
    {file = "typed_ast-1.4.1-cp35-cp35m-win32.whl", hash = "sha256:0c2c07682d61a629b68433afb159376e24e5b2fd4641d35424e462169c0a7919"},
    {file = "typed_ast-1.4.1-cp35-cp35m-win_amd64.whl", hash = "sha256:4083861b0aa07990b619bd7ddc365eb7fa4b817e99cf5f8d9cf21a42780f6e01"},
    {file = "typed_ast-1.4.1-cp36-cp36m-macosx_10_9_x86_64.whl", hash = "sha256:269151951236b0f9a6f04015a9004084a5ab0d5f19b57de779f908621e7d8b75"},
    {file = "typed_ast-1.4.1-cp36-cp36m-manylinux1_i686.whl", hash = "sha256:24995c843eb0ad11a4527b026b4dde3da70e1f2d8806c99b7b4a7cf491612652"},
    {file = "typed_ast-1.4.1-cp36-cp36m-manylinux1_x86_64.whl", hash = "sha256:fe460b922ec15dd205595c9b5b99e2f056fd98ae8f9f56b888e7a17dc2b757e7"},
    {file = "typed_ast-1.4.1-cp36-cp36m-win32.whl", hash = "sha256:4e3e5da80ccbebfff202a67bf900d081906c358ccc3d5e3c8aea42fdfdfd51c1"},
    {file = "typed_ast-1.4.1-cp36-cp36m-win_amd64.whl", hash = "sha256:249862707802d40f7f29f6e1aad8d84b5aa9e44552d2cc17384b209f091276aa"},
    {file = "typed_ast-1.4.1-cp37-cp37m-macosx_10_9_x86_64.whl", hash = "sha256:8ce678dbaf790dbdb3eba24056d5364fb45944f33553dd5869b7580cdbb83614"},
    {file = "typed_ast-1.4.1-cp37-cp37m-manylinux1_i686.whl", hash = "sha256:c9e348e02e4d2b4a8b2eedb48210430658df6951fa484e59de33ff773fbd4b41"},
    {file = "typed_ast-1.4.1-cp37-cp37m-manylinux1_x86_64.whl", hash = "sha256:bcd3b13b56ea479b3650b82cabd6b5343a625b0ced5429e4ccad28a8973f301b"},
    {file = "typed_ast-1.4.1-cp37-cp37m-win32.whl", hash = "sha256:d5d33e9e7af3b34a40dc05f498939f0ebf187f07c385fd58d591c533ad8562fe"},
    {file = "typed_ast-1.4.1-cp37-cp37m-win_amd64.whl", hash = "sha256:0666aa36131496aed8f7be0410ff974562ab7eeac11ef351def9ea6fa28f6355"},
    {file = "typed_ast-1.4.1-cp38-cp38-macosx_10_15_x86_64.whl", hash = "sha256:d205b1b46085271b4e15f670058ce182bd1199e56b317bf2ec004b6a44f911f6"},
    {file = "typed_ast-1.4.1-cp38-cp38-manylinux1_i686.whl", hash = "sha256:6daac9731f172c2a22ade6ed0c00197ee7cc1221aa84cfdf9c31defeb059a907"},
    {file = "typed_ast-1.4.1-cp38-cp38-manylinux1_x86_64.whl", hash = "sha256:498b0f36cc7054c1fead3d7fc59d2150f4d5c6c56ba7fb150c013fbc683a8d2d"},
    {file = "typed_ast-1.4.1-cp38-cp38-win32.whl", hash = "sha256:715ff2f2df46121071622063fc7543d9b1fd19ebfc4f5c8895af64a77a8c852c"},
    {file = "typed_ast-1.4.1-cp38-cp38-win_amd64.whl", hash = "sha256:fc0fea399acb12edbf8a628ba8d2312f583bdbdb3335635db062fa98cf71fca4"},
    {file = "typed_ast-1.4.1-cp39-cp39-macosx_10_15_x86_64.whl", hash = "sha256:d43943ef777f9a1c42bf4e552ba23ac77a6351de620aa9acf64ad54933ad4d34"},
    {file = "typed_ast-1.4.1.tar.gz", hash = "sha256:8c8aaad94455178e3187ab22c8b01a3837f8ee50e09cf31f1ba129eb293ec30b"},
]
tzlocal = [
    {file = "tzlocal-1.5.1.tar.gz", hash = "sha256:4ebeb848845ac898da6519b9b31879cf13b6626f7184c496037b818e238f2c4e"},
]
zipp = [
    {file = "zipp-3.0.0-py3-none-any.whl", hash = "sha256:12248a63bbdf7548f89cb4c7cda4681e537031eda29c02ea29674bc6854460c2"},
    {file = "zipp-3.0.0.tar.gz", hash = "sha256:7c0f8e91abc0dc07a5068f315c52cb30c66bfbc581e5b50704c8a2f6ebae794a"},
]
