[[package]]
category = "main"
description = "textwrap, but savvy to ANSI colors and styles"
name = "ansiwrap"
optional = false
python-versions = "*"
version = "0.8.4"

[package.dependencies]
textwrap3 = ">=0.9.2"

[[package]]
category = "dev"
description = "A small Python module for determining appropriate platform-specific dirs, e.g. a \"user data dir\"."
name = "appdirs"
optional = false
python-versions = "*"
version = "1.4.3"

[[package]]
category = "main"
description = "Safe, minimalistic evaluator of python expression using ast module"
name = "asteval"
optional = false
python-versions = ">=2.7, !=3.0.*, !=3.1.*, !=3.2.*, !=3.3.*, !=3.4.*"
version = "0.9.16"

[[package]]
category = "dev"
description = "Classes Without Boilerplate"
name = "attrs"
optional = false
python-versions = ">=2.7, !=3.0.*, !=3.1.*, !=3.2.*, !=3.3.*"
version = "19.3.0"

[[package]]
category = "dev"
description = "behave is behaviour-driven development, Python style"
name = "behave"
optional = false
python-versions = ">=2.6, !=3.0.*, !=3.1.*, !=3.2.*"
version = "1.2.6"

[package.dependencies]
parse = ">=1.8.2"
parse-type = ">=0.4.2"
six = ">=1.11"

[[package]]
category = "dev"
description = "The uncompromising code formatter."
name = "black"
optional = false
python-versions = ">=3.6"
version = "18.9b0"

[package.dependencies]
appdirs = "*"
attrs = ">=17.4.0"
click = ">=6.5"
toml = ">=0.9.4"

[[package]]
category = "main"
description = "Foreign Function Interface for Python calling C code."
name = "cffi"
optional = false
python-versions = "*"
version = "1.13.2"

[package.dependencies]
pycparser = "*"

[[package]]
category = "dev"
description = "Composable command line interface toolkit"
name = "click"
optional = false
python-versions = ">=2.7, !=3.0.*, !=3.1.*, !=3.2.*, !=3.3.*"
version = "7.0"

[[package]]
category = "main"
description = "Cross-platform colored terminal text."
name = "colorama"
optional = false
python-versions = ">=2.7, !=3.0.*, !=3.1.*, !=3.2.*, !=3.3.*"
version = "0.4.1"

[[package]]
category = "main"
description = "cryptography is a package which provides cryptographic recipes and primitives to Python developers."
name = "cryptography"
optional = false
python-versions = ">=2.7,!=3.0.*,!=3.1.*,!=3.2.*,!=3.3.*"
version = "2.8"

[package.dependencies]
cffi = ">=1.8,<1.11.3 || >1.11.3"
six = ">=1.4.1"

[[package]]
category = "main"
description = "Discover and load entry points from installed packages."
name = "entrypoints"
optional = false
python-versions = ">=2.7"
version = "0.3"

[[package]]
category = "dev"
description = "the modular source code checker: pep8, pyflakes and co"
name = "flake8"
optional = false
python-versions = ">=2.7, !=3.0.*, !=3.1.*, !=3.2.*, !=3.3.*"
version = "3.7.9"

[package.dependencies]
entrypoints = ">=0.3.0,<0.4.0"
mccabe = ">=0.6.0,<0.7.0"
pycodestyle = ">=2.5.0,<2.6.0"
pyflakes = ">=2.1.0,<2.2.0"

[[package]]
category = "main"
description = "Clean single-source support for Python 3 and 2"
name = "future"
optional = false
python-versions = ">=2.6, !=3.0.*, !=3.1.*, !=3.2.*"
version = "0.18.2"

[[package]]
category = "main"
description = "Low-level, pure Python DBus protocol wrapper."
marker = "sys_platform == \"linux\""
name = "jeepney"
optional = false
python-versions = ">=3.5"
version = "0.4.1"

[[package]]
category = "dev"
description = "A very fast and expressive template engine."
name = "jinja2"
optional = false
python-versions = "*"
version = "2.10.3"

[package.dependencies]
MarkupSafe = ">=0.23"

[[package]]
category = "main"
description = "Store and access your passwords safely."
name = "keyring"
optional = false
python-versions = ">=3.5"
version = "19.2.0"

[package.dependencies]
entrypoints = "*"
pywin32-ctypes = "<0.1.0 || >0.1.0,<0.1.1 || >0.1.1"
secretstorage = "*"

[[package]]
category = "dev"
description = "Python LiveReload is an awesome tool for web developers"
name = "livereload"
optional = false
python-versions = "*"
version = "2.6.1"

[package.dependencies]
six = "*"
tornado = "*"

[[package]]
category = "dev"
description = "Python implementation of Markdown."
name = "markdown"
optional = false
python-versions = ">=2.7,!=3.0.*,!=3.1.*,!=3.2.*,!=3.3.*,!=3.4.*"
version = "3.1.1"

[package.dependencies]
setuptools = ">=36"

[[package]]
category = "dev"
description = "Safely add untrusted strings to HTML/XML markup."
name = "markupsafe"
optional = false
python-versions = ">=2.7,!=3.0.*,!=3.1.*,!=3.2.*,!=3.3.*"
version = "1.1.1"

[[package]]
category = "dev"
description = "McCabe checker, plugin for flake8"
name = "mccabe"
optional = false
python-versions = "*"
version = "0.6.1"

[[package]]
category = "dev"
description = "Project documentation with Markdown."
name = "mkdocs"
optional = false
python-versions = ">=2.7.9,!=3.0.*,!=3.1.*,!=3.2.*,!=3.3.*"
version = "1.0.4"

[package.dependencies]
Jinja2 = ">=2.7.1"
Markdown = ">=2.3.1"
PyYAML = ">=3.10"
click = ">=3.3"
livereload = ">=2.5.1"
tornado = ">=5.0"

[[package]]
category = "dev"
description = "parse() is the opposite of format()"
name = "parse"
optional = false
python-versions = "*"
version = "1.12.1"

[[package]]
category = "dev"
description = "Simplifies to build parse types based on the parse module"
name = "parse-type"
optional = false
python-versions = ">=2.6, !=3.0.*, !=3.1.*"
version = "0.5.2"

[package.dependencies]
parse = ">=1.8.4"
six = ">=1.11"

[[package]]
category = "main"
description = "Parse human-readable date/time text."
name = "parsedatetime"
optional = false
python-versions = "*"
version = "2.4"

[package.dependencies]
future = "*"

[[package]]
category = "main"
description = "comprehensive password hashing framework supporting over 30 schemes"
name = "passlib"
optional = false
python-versions = "*"
version = "1.7.1"

[[package]]
category = "dev"
description = "Python style guide checker"
name = "pycodestyle"
optional = false
python-versions = ">=2.7, !=3.0.*, !=3.1.*, !=3.2.*, !=3.3.*"
version = "2.5.0"

[[package]]
category = "main"
description = "C parser in Python"
name = "pycparser"
optional = false
python-versions = ">=2.7, !=3.0.*, !=3.1.*, !=3.2.*, !=3.3.*"
version = "2.19"

[[package]]
category = "dev"
description = "passive checker of Python programs"
name = "pyflakes"
optional = false
python-versions = ">=2.7, !=3.0.*, !=3.1.*, !=3.2.*, !=3.3.*"
version = "2.1.1"

[[package]]
category = "main"
description = "Extensions to the standard Python datetime module"
name = "python-dateutil"
optional = false
python-versions = "!=3.0.*,!=3.1.*,!=3.2.*,>=2.7"
version = "2.8.1"

[package.dependencies]
six = ">=1.5"

[[package]]
category = "main"
description = "World timezone definitions, modern and historical"
name = "pytz"
optional = false
python-versions = "*"
version = "2019.3"

[[package]]
category = "main"
description = ""
marker = "sys_platform == \"win32\""
name = "pywin32-ctypes"
optional = false
python-versions = "*"
version = "0.2.0"

[[package]]
category = "main"
description = "PyXDG contains implementations of freedesktop.org standards in python."
name = "pyxdg"
optional = false
python-versions = "*"
version = "0.26"

[[package]]
category = "main"
description = "YAML parser and emitter for Python"
name = "pyyaml"
optional = false
python-versions = ">=2.7, !=3.0.*, !=3.1.*, !=3.2.*, !=3.3.*"
version = "5.1.2"

[[package]]
category = "main"
description = "Python bindings to FreeDesktop.org Secret Service API"
marker = "sys_platform == \"linux\""
name = "secretstorage"
optional = false
python-versions = ">=3.5"
version = "3.1.1"

[package.dependencies]
cryptography = "*"
jeepney = "*"

[[package]]
category = "main"
description = "Python 2 and 3 compatibility utilities"
name = "six"
optional = false
python-versions = ">=2.6, !=3.0.*, !=3.1.*"
version = "1.13.0"

[[package]]
category = "main"
description = "textwrap from Python 3.6 backport (plus a few tweaks)"
name = "textwrap3"
optional = false
python-versions = "*"
version = "0.9.2"

[[package]]
category = "dev"
description = "Python Library for Tom's Obvious, Minimal Language"
name = "toml"
optional = false
python-versions = "*"
version = "0.10.0"

[[package]]
category = "dev"
description = "Tornado is a Python web framework and asynchronous networking library, originally developed at FriendFeed."
name = "tornado"
optional = false
python-versions = ">= 3.5"
version = "6.0.3"

[[package]]
category = "main"
description = "tzinfo object for the local timezone"
name = "tzlocal"
optional = false
python-versions = "*"
version = "1.5.1"

[package.dependencies]
pytz = "*"

[metadata]
content-hash = "9896cf59c7552b6ad95219ee5555c7445a3fab39c2e4f4c6f3d991a36635e44b"
python-versions = ">=3.6.0, <3.8.0"

[metadata.hashes]
ansiwrap = ["7b053567c88e1ad9eed030d3ac41b722125e4c1271c8a99ade797faff1f49fb1", "ca0c740734cde59bf919f8ff2c386f74f9a369818cdc60efe94893d01ea8d9b7"]
appdirs = ["9e5896d1372858f8dd3344faf4e5014d21849c756c8d5701f78f8a103b372d92", "d8b24664561d0d34ddfaec54636d502d7cea6e29c3eaf68f3df6180863e2166e"]
asteval = ["bc71bb4f9ad3ef8ccdc3b9a711e094fb00d768172cb7ff9a15773673aac9e0cc"]
attrs = ["08a96c641c3a74e44eb59afb61a24f2cb9f4d7188748e76ba4bb5edfa3cb7d1c", "f7b7ce16570fe9965acd6d30101a28f62fb4a7f9e926b3bbc9b61f8b04247e72"]
behave = ["b9662327aa53294c1351b0a9c369093ccec1d21026f050c3bd9b3e5cccf81a86", "ebda1a6c9e5bfe95c5f9f0a2794e01c7098b3dde86c10a95d8621c5907ff6f1c"]
black = ["817243426042db1d36617910df579a54f1afd659adb96fc5032fcf4b36209739", "e030a9a28f542debc08acceb273f228ac422798e5215ba2a791a6ddeaaca22a5"]
cffi = ["0b49274afc941c626b605fb59b59c3485c17dc776dc3cc7cc14aca74cc19cc42", "0e3ea92942cb1168e38c05c1d56b0527ce31f1a370f6117f1d490b8dcd6b3a04", "135f69aecbf4517d5b3d6429207b2dff49c876be724ac0c8bf8e1ea99df3d7e5", "19db0cdd6e516f13329cba4903368bff9bb5a9331d3410b1b448daaadc495e54", "2781e9ad0e9d47173c0093321bb5435a9dfae0ed6a762aabafa13108f5f7b2ba", "291f7c42e21d72144bb1c1b2e825ec60f46d0a7468f5346841860454c7aa8f57", "2c5e309ec482556397cb21ede0350c5e82f0eb2621de04b2633588d118da4396", "2e9c80a8c3344a92cb04661115898a9129c074f7ab82011ef4b612f645939f12", "32a262e2b90ffcfdd97c7a5e24a6012a43c61f1f5a57789ad80af1d26c6acd97", "3c9fff570f13480b201e9ab69453108f6d98244a7f495e91b6c654a47486ba43", "415bdc7ca8c1c634a6d7163d43fb0ea885a07e9618a64bda407e04b04333b7db", "4424e42199e86b21fc4db83bd76909a6fc2a2aefb352cb5414833c030f6ed71b", "4a43c91840bda5f55249413037b7a9b79c90b1184ed504883b72c4df70778579", "599a1e8ff057ac530c9ad1778293c665cb81a791421f46922d80a86473c13346", "5c4fae4e9cdd18c82ba3a134be256e98dc0596af1e7285a3d2602c97dcfa5159", "5ecfa867dea6fabe2a58f03ac9186ea64da1386af2159196da51c4904e11d652", "62f2578358d3a92e4ab2d830cd1c2049c9c0d0e6d3c58322993cc341bdeac22e", "6471a82d5abea994e38d2c2abc77164b4f7fbaaf80261cb98394d5793f11b12a", "6d4f18483d040e18546108eb13b1dfa1000a089bcf8529e30346116ea6240506", "71a608532ab3bd26223c8d841dde43f3516aa5d2bf37b50ac410bb5e99053e8f", "74a1d8c85fb6ff0b30fbfa8ad0ac23cd601a138f7509dc617ebc65ef305bb98d", "7b93a885bb13073afb0aa73ad82059a4c41f4b7d8eb8368980448b52d4c7dc2c", "7d4751da932caaec419d514eaa4215eaf14b612cff66398dd51129ac22680b20", "7f627141a26b551bdebbc4855c1157feeef18241b4b8366ed22a5c7d672ef858", "8169cf44dd8f9071b2b9248c35fc35e8677451c52f795daa2bb4643f32a540bc", "aa00d66c0fab27373ae44ae26a66a9e43ff2a678bf63a9c7c1a9a4d61172827a", "ccb032fda0873254380aa2bfad2582aedc2959186cce61e3a17abc1a55ff89c3", "d754f39e0d1603b5b24a7f8484b22d2904fa551fe865fd0d4c3332f078d20d4e", "d75c461e20e29afc0aee7172a0950157c704ff0dd51613506bd7d82b718e7410", "dcd65317dd15bc0451f3e01c80da2216a31916bdcffd6221ca1202d96584aa25", "e570d3ab32e2c2861c4ebe6ffcad6a8abf9347432a37608fe1fbd157b3f0036b", "fd43a88e045cf992ed09fa724b5315b790525f2676883a6ea64e3263bae6549d"]
click = ["2335065e6395b9e67ca716de5f7526736bfa6ceead690adf616d925bdc622b13", "5b94b49521f6456670fdb30cd82a4eca9412788a93fa6dd6df72c94d5a8ff2d7"]
colorama = ["05eed71e2e327246ad6b38c540c4a3117230b19679b875190486ddd2d721422d", "f8ac84de7840f5b9c4e3347b3c1eaa50f7e49c2b07596221daec5edaabbd7c48"]
cryptography = ["02079a6addc7b5140ba0825f542c0869ff4df9a69c360e339ecead5baefa843c", "1df22371fbf2004c6f64e927668734070a8953362cd8370ddd336774d6743595", "369d2346db5934345787451504853ad9d342d7f721ae82d098083e1f49a582ad", "3cda1f0ed8747339bbdf71b9f38ca74c7b592f24f65cdb3ab3765e4b02871651", "44ff04138935882fef7c686878e1c8fd80a723161ad6a98da31e14b7553170c2", "4b1030728872c59687badcca1e225a9103440e467c17d6d1730ab3d2d64bfeff", "58363dbd966afb4f89b3b11dfb8ff200058fbc3b947507675c19ceb46104b48d", "6ec280fb24d27e3d97aa731e16207d58bd8ae94ef6eab97249a2afe4ba643d42", "7270a6c29199adc1297776937a05b59720e8a782531f1f122f2eb8467f9aab4d", "73fd30c57fa2d0a1d7a49c561c40c2f79c7d6c374cc7750e9ac7c99176f6428e", "7f09806ed4fbea8f51585231ba742b58cbcfbfe823ea197d8c89a5e433c7e912", "90df0cc93e1f8d2fba8365fb59a858f51a11a394d64dbf3ef844f783844cc793", "971221ed40f058f5662a604bd1ae6e4521d84e6cad0b7b170564cc34169c8f13", "a518c153a2b5ed6b8cc03f7ae79d5ffad7315ad4569b2d5333a13c38d64bd8d7", "b0de590a8b0979649ebeef8bb9f54394d3a41f66c5584fff4220901739b6b2f0", "b43f53f29816ba1db8525f006fa6f49292e9b029554b3eb56a189a70f2a40879", "d31402aad60ed889c7e57934a03477b572a03af7794fa8fb1780f21ea8f6551f", "de96157ec73458a7f14e3d26f17f8128c959084931e8997b9e655a39c8fde9f9", "df6b4dca2e11865e6cfbfb708e800efb18370f5a46fd601d3755bc7f85b3a8a2", "ecadccc7ba52193963c0475ac9f6fa28ac01e01349a2ca48509667ef41ffd2cf", "fb81c17e0ebe3358486cd8cc3ad78adbae58af12fc2bf2bc0bb84e8090fa5ce8"]
entrypoints = ["589f874b313739ad35be6e0cd7efde2a4e9b6fea91edcc34e58ecbb8dbe56d19", "c70dd71abe5a8c85e55e12c19bd91ccfeec11a6e99044204511f9ed547d48451"]
flake8 = ["45681a117ecc81e870cbf1262835ae4af5e7a8b08e40b944a8a6e6b895914cfb", "49356e766643ad15072a789a20915d3c91dc89fd313ccd71802303fd67e4deca"]
future = ["b1bead90b70cf6ec3f0710ae53a525360fa360d306a86583adc6bf83a4db537d"]
jeepney = ["13806f91a96e9b2623fd2a81b950d763ee471454aafd9eb6d75dbe7afce428fb", "f6a3f93464a0cf052f4e87da3c8b3ed1e27696758fb9739c63d3a74d9a1b6774"]
jinja2 = ["74320bb91f31270f9551d46522e33af46a80c3d619f4a4bf42b3164d30b5911f", "9fe95f19286cfefaa917656583d020be14e7859c6b0252588391e47db34527de"]
keyring = ["91037ccaf0c9a112a76f7740e4a416b9457a69b66c2799421581bee710a974b3", "f5bb20ea6c57c2360daf0c591931c9ea0d7660a8d9e32ca84d63273f131ea605"]
livereload = ["78d55f2c268a8823ba499305dcac64e28ddeb9a92571e12d543cd304faf5817b", "89254f78d7529d7ea0a3417d224c34287ebfe266b05e67e51facaf82c27f0f66"]
markdown = ["2e50876bcdd74517e7b71f3e7a76102050edec255b3983403f1a63e7c8a41e7a", "56a46ac655704b91e5b7e6326ce43d5ef72411376588afa1dd90e881b83c7e8c"]
markupsafe = ["00bc623926325b26bb9605ae9eae8a215691f33cae5df11ca5424f06f2d1f473", "09027a7803a62ca78792ad89403b1b7a73a01c8cb65909cd876f7fcebd79b161", "09c4b7f37d6c648cb13f9230d847adf22f8171b1ccc4d5682398e77f40309235", "1027c282dad077d0bae18be6794e6b6b8c91d58ed8a8d89a89d59693b9131db5", "24982cc2533820871eba85ba648cd53d8623687ff11cbb805be4ff7b4c971aff", "29872e92839765e546828bb7754a68c418d927cd064fd4708fab9fe9c8bb116b", "43a55c2930bbc139570ac2452adf3d70cdbb3cfe5912c71cdce1c2c6bbd9c5d1", "46c99d2de99945ec5cb54f23c8cd5689f6d7177305ebff350a58ce5f8de1669e", "500d4957e52ddc3351cabf489e79c91c17f6e0899158447047588650b5e69183", "535f6fc4d397c1563d08b88e485c3496cf5784e927af890fb3c3aac7f933ec66", "62fe6c95e3ec8a7fad637b7f3d372c15ec1caa01ab47926cfdf7a75b40e0eac1", "6dd73240d2af64df90aa7c4e7481e23825ea70af4b4922f8ede5b9e35f78a3b1", "717ba8fe3ae9cc0006d7c451f0bb265ee07739daf76355d06366154ee68d221e", "79855e1c5b8da654cf486b830bd42c06e8780cea587384cf6545b7d9ac013a0b", "7c1699dfe0cf8ff607dbdcc1e9b9af1755371f92a68f706051cc8c37d447c905", "88e5fcfb52ee7b911e8bb6d6aa2fd21fbecc674eadd44118a9cc3863f938e735", "8defac2f2ccd6805ebf65f5eeb132adcf2ab57aa11fdf4c0dd5169a004710e7d", "98c7086708b163d425c67c7a91bad6e466bb99d797aa64f965e9d25c12111a5e", "9add70b36c5666a2ed02b43b335fe19002ee5235efd4b8a89bfcf9005bebac0d", "9bf40443012702a1d2070043cb6291650a0841ece432556f784f004937f0f32c", "ade5e387d2ad0d7ebf59146cc00c8044acbd863725f887353a10df825fc8ae21", "b00c1de48212e4cc9603895652c5c410df699856a2853135b3967591e4beebc2", "b1282f8c00509d99fef04d8ba936b156d419be841854fe901d8ae224c59f0be5", "b2051432115498d3562c084a49bba65d97cf251f5a331c64a12ee7e04dacc51b", "ba59edeaa2fc6114428f1637ffff42da1e311e29382d81b339c1817d37ec93c6", "c8716a48d94b06bb3b2524c2b77e055fb313aeb4ea620c8dd03a105574ba704f", "cd5df75523866410809ca100dc9681e301e3c27567cf498077e8551b6d20e42f", "e249096428b3ae81b08327a63a485ad0878de3fb939049038579ac0ef61e17e7"]
mccabe = ["ab8a6258860da4b6677da4bd2fe5dc2c659cff31b3ee4f7f5d64e79735b80d42", "dd8d182285a0fe56bace7f45b5e7d1a6ebcbf524e8f3bd87eb0f125271b8831f"]
mkdocs = ["17d34329aad75d5de604b9ed4e31df3a4d235afefdc46ce7b1964fddb2e1e939", "8cc8b38325456b9e942c981a209eaeb1e9f3f77b493ad755bfef889b9c8d356a"]
parse = ["a5fca7000c6588d77bc65c28f3f21bfce03b5e44daa8f9f07c17fe364990d717"]
parse-type = ["089a471b06327103865dfec2dd844230c3c658a4a1b5b4c8b6c16c8f77577f9e", "7f690b18d35048c15438d6d0571f9045cffbec5907e0b1ccf006f889e3a38c0b"]
parsedatetime = ["3d817c58fb9570d1eec1dd46fa9448cd644eeed4fb612684b02dfda3a79cb84b", "9ee3529454bf35c40a77115f5a596771e59e1aee8c53306f346c461b8e913094"]
passlib = ["3d948f64138c25633613f303bcc471126eae67c04d5e3f6b7b8ce6242f8653e0", "43526aea08fa32c6b6dbbbe9963c4c767285b78147b7437597f992812f69d280"]
pycodestyle = ["95a2219d12372f05704562a14ec30bc76b05a5b297b21a5dfe3f6fac3491ae56", "e40a936c9a450ad81df37f549d676d127b1b66000a6c500caa2b085bc0ca976c"]
pycparser = ["a988718abfad80b6b157acce7bf130a30876d27603738ac39f140993246b25b3"]
pyflakes = ["17dbeb2e3f4d772725c777fabc446d5634d1038f234e77343108ce445ea69ce0", "d976835886f8c5b31d47970ed689944a0262b5f3afa00a5a7b4dc81e5449f8a2"]
python-dateutil = ["73ebfe9dbf22e832286dafa60473e4cd239f8592f699aa5adaf10050e6e1823c", "75bb3f31ea686f1197762692a9ee6a7550b59fc6ca3a1f4b5d7e32fb98e2da2a"]
pytz = ["1c557d7d0e871de1f5ccd5833f60fb2550652da6be2693c1e02300743d21500d", "b02c06db6cf09c12dd25137e563b31700d3b80fcc4ad23abb7a315f2789819be"]
pywin32-ctypes = ["24ffc3b341d457d48e8922352130cf2644024a4ff09762a2261fd34c36ee5942", "9dc2d991b3479cc2df15930958b674a48a227d5361d413827a4cfd0b5876fc98"]
pyxdg = ["1948ff8e2db02156c0cccd2529b43c0cff56ebaa71f5f021bbd755bc1419190e", "fe2928d3f532ed32b39c32a482b54136fe766d19936afc96c8f00645f9da1a06"]
pyyaml = ["0113bc0ec2ad727182326b61326afa3d1d8280ae1122493553fd6f4397f33df9", "01adf0b6c6f61bd11af6e10ca52b7d4057dd0be0343eb9283c878cf3af56aee4", "5124373960b0b3f4aa7df1707e63e9f109b5263eca5976c66e08b1c552d4eaf8", "5ca4f10adbddae56d824b2c09668e91219bb178a1eee1faa56af6f99f11bf696", "7907be34ffa3c5a32b60b95f4d95ea25361c951383a894fec31be7252b2b6f34", "7ec9b2a4ed5cad025c2278a1e6a19c011c80a3caaac804fd2d329e9cc2c287c9", "87ae4c829bb25b9fe99cf71fbb2140c448f534e24c998cc60f39ae4f94396a73", "9de9919becc9cc2ff03637872a440195ac4241c80536632fffeb6a1e25a74299", "a5a85b10e450c66b49f98846937e8cfca1db3127a9d5d1e31ca45c3d0bef4c5b", "b0997827b4f6a7c286c01c5f60384d218dca4ed7d9efa945c3e1aa623d5709ae", "b631ef96d3222e62861443cc89d6563ba3eeb816eeb96b2629345ab795e53681", "bf47c0607522fdbca6c9e817a6e81b08491de50f3766a7a0e6a5be7905961b41", "f81025eddd0327c7d4cfe9b62cf33190e1e736cc6e97502b3ec425f574b3e7a8"]
secretstorage = ["20c797ae48a4419f66f8d28fc221623f11fc45b6828f96bdb1ad9990acb59f92", "7a119fb52a88e398dbb22a4b3eb39b779bfbace7e4153b7bc6e5954d86282a8a"]
six = ["1f1b7d42e254082a9db6279deae68afb421ceba6158efa6131de7b3003ee93fd", "30f610279e8b2578cab6db20741130331735c781b56053c59c4076da27f06b66"]
textwrap3 = ["5008eeebdb236f6303dcd68f18b856d355f6197511d952ba74bc75e40e0c3414", "bf5f4c40faf2a9ff00a9e0791fed5da7415481054cef45bb4a3cfb1f69044ae0"]
toml = ["229f81c57791a41d65e399fc06bf0848bab550a9dfd5ed66df18ce5f05e73d5c", "235682dd292d5899d361a811df37e04a8828a5b1da3115886b73cf81ebc9100e", "f1db651f9657708513243e61e6cc67d101a39bad662eaa9b5546f789338e07a3"]
tornado = ["349884248c36801afa19e342a77cc4458caca694b0eda633f5878e458a44cb2c", "398e0d35e086ba38a0427c3b37f4337327231942e731edaa6e9fd1865bbd6f60", "4e73ef678b1a859f0cb29e1d895526a20ea64b5ffd510a2307b5998c7df24281", "559bce3d31484b665259f50cd94c5c28b961b09315ccd838f284687245f416e5", "abbe53a39734ef4aba061fca54e30c6b4639d3e1f59653f0da37a0003de148c7", "c845db36ba616912074c5b1ee897f8e0124df269468f25e4fe21fe72f6edd7a9", "c9399267c926a4e7c418baa5cbe91c7d1cf362d505a1ef898fde44a07c9dd8a5"]
tzlocal = ["4ebeb848845ac898da6519b9b31879cf13b6626f7184c496037b818e238f2c4e"]
